// !$*UTF8*$!
{
	archiveVersion = 1;
	classes = {
	};
	objectVersion = 56;
	objects = {

/* Begin PBXBuildFile section */
		BE29DAA7294F9AFF00DAB9BD /* AppDelegate.swift in Sources */ = {isa = PBXBuildFile; fileRef = BE29DAA6294F9AFF00DAB9BD /* AppDelegate.swift */; };
		BE29DAA9294F9AFF00DAB9BD /* SceneDelegate.swift in Sources */ = {isa = PBXBuildFile; fileRef = BE29DAA8294F9AFF00DAB9BD /* SceneDelegate.swift */; };
		BE29DAAB294F9AFF00DAB9BD /* ViewController.swift in Sources */ = {isa = PBXBuildFile; fileRef = BE29DAAA294F9AFF00DAB9BD /* ViewController.swift */; };
		BE29DAAE294F9B0000DAB9BD /* Main.storyboard in Resources */ = {isa = PBXBuildFile; fileRef = BE29DAAC294F9B0000DAB9BD /* Main.storyboard */; };
		BE29DAB0294F9B0300DAB9BD /* Assets.xcassets in Resources */ = {isa = PBXBuildFile; fileRef = BE29DAAF294F9B0300DAB9BD /* Assets.xcassets */; };
		BE29DAB3294F9B0300DAB9BD /* LaunchScreen.storyboard in Resources */ = {isa = PBXBuildFile; fileRef = BE29DAB1294F9B0300DAB9BD /* LaunchScreen.storyboard */; };
		BE29DABE294F9B0300DAB9BD /* MarvelChallengeTests.swift in Sources */ = {isa = PBXBuildFile; fileRef = BE29DABD294F9B0300DAB9BD /* MarvelChallengeTests.swift */; };
		BE29DAC8294F9B0300DAB9BD /* MarvelChallengeUITests.swift in Sources */ = {isa = PBXBuildFile; fileRef = BE29DAC7294F9B0300DAB9BD /* MarvelChallengeUITests.swift */; };
		BE29DACA294F9B0300DAB9BD /* MarvelChallengeUITestsLaunchTests.swift in Sources */ = {isa = PBXBuildFile; fileRef = BE29DAC9294F9B0300DAB9BD /* MarvelChallengeUITestsLaunchTests.swift */; };
		BE29DADD294F9D6A00DAB9BD /* Constants.swift in Sources */ = {isa = PBXBuildFile; fileRef = BE29DADC294F9D6A00DAB9BD /* Constants.swift */; };
		BE29DADF294F9D7900DAB9BD /* ColorsUtils.swift in Sources */ = {isa = PBXBuildFile; fileRef = BE29DADE294F9D7900DAB9BD /* ColorsUtils.swift */; };
		BE29DAE1294F9D8F00DAB9BD /* MarveApiInfo.plist in Resources */ = {isa = PBXBuildFile; fileRef = BE29DAE0294F9D8F00DAB9BD /* MarveApiInfo.plist */; };
		BE29DAE3294FA05700DAB9BD /* Character.swift in Sources */ = {isa = PBXBuildFile; fileRef = BE29DAE2294FA05700DAB9BD /* Character.swift */; };
		BE29DAE7294FA09500DAB9BD /* CharacterThumbnail.swift in Sources */ = {isa = PBXBuildFile; fileRef = BE29DAE6294FA09500DAB9BD /* CharacterThumbnail.swift */; };
		BE29DAE9294FA09E00DAB9BD /* Comics.swift in Sources */ = {isa = PBXBuildFile; fileRef = BE29DAE8294FA09E00DAB9BD /* Comics.swift */; };
		BE29DAEB294FA0AB00DAB9BD /* Stories.swift in Sources */ = {isa = PBXBuildFile; fileRef = BE29DAEA294FA0AB00DAB9BD /* Stories.swift */; };
		BE29DAED294FA0B300DAB9BD /* Events.swift in Sources */ = {isa = PBXBuildFile; fileRef = BE29DAEC294FA0B300DAB9BD /* Events.swift */; };
		BE29DAEF294FA0C200DAB9BD /* CharacterUrls.swift in Sources */ = {isa = PBXBuildFile; fileRef = BE29DAEE294FA0C200DAB9BD /* CharacterUrls.swift */; };
		BE29DAF1294FC09E00DAB9BD /* AboutViewController.swift in Sources */ = {isa = PBXBuildFile; fileRef = BE29DAF0294FC09E00DAB9BD /* AboutViewController.swift */; };
		BE29DAF3294FC0AB00DAB9BD /* CharacterListViewController.swift in Sources */ = {isa = PBXBuildFile; fileRef = BE29DAF2294FC0AB00DAB9BD /* CharacterListViewController.swift */; };
		BE91048B2950B79000B6B1F8 /* UISearchBar+Extension.swift in Sources */ = {isa = PBXBuildFile; fileRef = BE91048A2950B79000B6B1F8 /* UISearchBar+Extension.swift */; };
		BEA4BEFA2951D651002D9B51 /* ImageView+Extension.swift in Sources */ = {isa = PBXBuildFile; fileRef = BEA4BEF92951D651002D9B51 /* ImageView+Extension.swift */; };
		BEA4BEFC2951FB48002D9B51 /* CharacterDetailViewController.swift in Sources */ = {isa = PBXBuildFile; fileRef = BEA4BEFB2951FB48002D9B51 /* CharacterDetailViewController.swift */; };
		BEA4BEFE29520070002D9B51 /* UILabel+Extension.swift in Sources */ = {isa = PBXBuildFile; fileRef = BEA4BEFD29520070002D9B51 /* UILabel+Extension.swift */; };
		BEA4BF0229521530002D9B51 /* ComicsCollectionViewCell.swift in Sources */ = {isa = PBXBuildFile; fileRef = BEA4BF0129521530002D9B51 /* ComicsCollectionViewCell.swift */; };
		BEA4BF04295220CE002D9B51 /* CharacterDetailViewModel.swift in Sources */ = {isa = PBXBuildFile; fileRef = BEA4BF03295220CE002D9B51 /* CharacterDetailViewModel.swift */; };
		BEA4BF0629522267002D9B51 /* Comic.swift in Sources */ = {isa = PBXBuildFile; fileRef = BEA4BF0529522267002D9B51 /* Comic.swift */; };
		BEA4BF08295228D0002D9B51 /* Series.swift in Sources */ = {isa = PBXBuildFile; fileRef = BEA4BF07295228D0002D9B51 /* Series.swift */; };
		BEB330A629511DC100A0FA72 /* NetworkRequests.swift in Sources */ = {isa = PBXBuildFile; fileRef = BEB330A529511DC100A0FA72 /* NetworkRequests.swift */; };
		BEB330A9295120DE00A0FA72 /* CharacterCollectionViewCell.swift in Sources */ = {isa = PBXBuildFile; fileRef = BEB330A8295120DE00A0FA72 /* CharacterCollectionViewCell.swift */; };
		BEB330AB295123DF00A0FA72 /* CharacterCellViewModel.swift in Sources */ = {isa = PBXBuildFile; fileRef = BEB330AA295123DF00A0FA72 /* CharacterCellViewModel.swift */; };
		BEB330AD2951241500A0FA72 /* CharacterViewModel.swift in Sources */ = {isa = PBXBuildFile; fileRef = BEB330AC2951241500A0FA72 /* CharacterViewModel.swift */; };
		BEB330AF2951279F00A0FA72 /* UIView+Extension.swift in Sources */ = {isa = PBXBuildFile; fileRef = BEB330AE2951279F00A0FA72 /* UIView+Extension.swift */; };
		BEC6A8F32953089600FB3039 /* DetailContentCellViewModel.swift in Sources */ = {isa = PBXBuildFile; fileRef = BEC6A8F22953089600FB3039 /* DetailContentCellViewModel.swift */; };
		BEC6A8F5295311C300FB3039 /* DetailContentTableViewCell.swift in Sources */ = {isa = PBXBuildFile; fileRef = BEC6A8F4295311C300FB3039 /* DetailContentTableViewCell.swift */; };
		BECA58922950A0F7004DFD41 /* UINavigationController+Extension.swift in Sources */ = {isa = PBXBuildFile; fileRef = BECA58912950A0F7004DFD41 /* UINavigationController+Extension.swift */; };
		BED4B7B8295273C300DAD817 /* ComicsCellViewModel.swift in Sources */ = {isa = PBXBuildFile; fileRef = BED4B7B7295273C300DAD817 /* ComicsCellViewModel.swift */; };
/* End PBXBuildFile section */

/* Begin PBXContainerItemProxy section */
		BE29DABA294F9B0300DAB9BD /* PBXContainerItemProxy */ = {
			isa = PBXContainerItemProxy;
			containerPortal = BE29DA9B294F9AFF00DAB9BD /* Project object */;
			proxyType = 1;
			remoteGlobalIDString = BE29DAA2294F9AFF00DAB9BD;
			remoteInfo = MarvelChallenge;
		};
		BE29DAC4294F9B0300DAB9BD /* PBXContainerItemProxy */ = {
			isa = PBXContainerItemProxy;
			containerPortal = BE29DA9B294F9AFF00DAB9BD /* Project object */;
			proxyType = 1;
			remoteGlobalIDString = BE29DAA2294F9AFF00DAB9BD;
			remoteInfo = MarvelChallenge;
		};
/* End PBXContainerItemProxy section */

/* Begin PBXFileReference section */
		BE29DAA3294F9AFF00DAB9BD /* MarvelChallenge.app */ = {isa = PBXFileReference; explicitFileType = wrapper.application; includeInIndex = 0; path = MarvelChallenge.app; sourceTree = BUILT_PRODUCTS_DIR; };
		BE29DAA6294F9AFF00DAB9BD /* AppDelegate.swift */ = {isa = PBXFileReference; lastKnownFileType = sourcecode.swift; path = AppDelegate.swift; sourceTree = "<group>"; };
		BE29DAA8294F9AFF00DAB9BD /* SceneDelegate.swift */ = {isa = PBXFileReference; lastKnownFileType = sourcecode.swift; path = SceneDelegate.swift; sourceTree = "<group>"; };
		BE29DAAA294F9AFF00DAB9BD /* ViewController.swift */ = {isa = PBXFileReference; lastKnownFileType = sourcecode.swift; path = ViewController.swift; sourceTree = "<group>"; };
		BE29DAAD294F9B0000DAB9BD /* Base */ = {isa = PBXFileReference; lastKnownFileType = file.storyboard; name = Base; path = Base.lproj/Main.storyboard; sourceTree = "<group>"; };
		BE29DAAF294F9B0300DAB9BD /* Assets.xcassets */ = {isa = PBXFileReference; lastKnownFileType = folder.assetcatalog; path = Assets.xcassets; sourceTree = "<group>"; };
		BE29DAB2294F9B0300DAB9BD /* Base */ = {isa = PBXFileReference; lastKnownFileType = file.storyboard; name = Base; path = Base.lproj/LaunchScreen.storyboard; sourceTree = "<group>"; };
		BE29DAB4294F9B0300DAB9BD /* Info.plist */ = {isa = PBXFileReference; lastKnownFileType = text.plist.xml; path = Info.plist; sourceTree = "<group>"; };
		BE29DAB9294F9B0300DAB9BD /* MarvelChallengeTests.xctest */ = {isa = PBXFileReference; explicitFileType = wrapper.cfbundle; includeInIndex = 0; path = MarvelChallengeTests.xctest; sourceTree = BUILT_PRODUCTS_DIR; };
		BE29DABD294F9B0300DAB9BD /* MarvelChallengeTests.swift */ = {isa = PBXFileReference; lastKnownFileType = sourcecode.swift; path = MarvelChallengeTests.swift; sourceTree = "<group>"; };
		BE29DAC3294F9B0300DAB9BD /* MarvelChallengeUITests.xctest */ = {isa = PBXFileReference; explicitFileType = wrapper.cfbundle; includeInIndex = 0; path = MarvelChallengeUITests.xctest; sourceTree = BUILT_PRODUCTS_DIR; };
		BE29DAC7294F9B0300DAB9BD /* MarvelChallengeUITests.swift */ = {isa = PBXFileReference; lastKnownFileType = sourcecode.swift; path = MarvelChallengeUITests.swift; sourceTree = "<group>"; };
		BE29DAC9294F9B0300DAB9BD /* MarvelChallengeUITestsLaunchTests.swift */ = {isa = PBXFileReference; lastKnownFileType = sourcecode.swift; path = MarvelChallengeUITestsLaunchTests.swift; sourceTree = "<group>"; };
		BE29DADC294F9D6A00DAB9BD /* Constants.swift */ = {isa = PBXFileReference; lastKnownFileType = sourcecode.swift; path = Constants.swift; sourceTree = "<group>"; };
		BE29DADE294F9D7900DAB9BD /* ColorsUtils.swift */ = {isa = PBXFileReference; lastKnownFileType = sourcecode.swift; path = ColorsUtils.swift; sourceTree = "<group>"; };
		BE29DAE0294F9D8F00DAB9BD /* MarveApiInfo.plist */ = {isa = PBXFileReference; lastKnownFileType = text.plist.xml; path = MarveApiInfo.plist; sourceTree = "<group>"; };
		BE29DAE2294FA05700DAB9BD /* Character.swift */ = {isa = PBXFileReference; lastKnownFileType = sourcecode.swift; path = Character.swift; sourceTree = "<group>"; };
		BE29DAE6294FA09500DAB9BD /* CharacterThumbnail.swift */ = {isa = PBXFileReference; lastKnownFileType = sourcecode.swift; path = CharacterThumbnail.swift; sourceTree = "<group>"; };
		BE29DAE8294FA09E00DAB9BD /* Comics.swift */ = {isa = PBXFileReference; lastKnownFileType = sourcecode.swift; path = Comics.swift; sourceTree = "<group>"; };
		BE29DAEA294FA0AB00DAB9BD /* Stories.swift */ = {isa = PBXFileReference; lastKnownFileType = sourcecode.swift; path = Stories.swift; sourceTree = "<group>"; };
		BE29DAEC294FA0B300DAB9BD /* Events.swift */ = {isa = PBXFileReference; lastKnownFileType = sourcecode.swift; path = Events.swift; sourceTree = "<group>"; };
		BE29DAEE294FA0C200DAB9BD /* CharacterUrls.swift */ = {isa = PBXFileReference; lastKnownFileType = sourcecode.swift; path = CharacterUrls.swift; sourceTree = "<group>"; };
		BE29DAF0294FC09E00DAB9BD /* AboutViewController.swift */ = {isa = PBXFileReference; lastKnownFileType = sourcecode.swift; path = AboutViewController.swift; sourceTree = "<group>"; };
		BE29DAF2294FC0AB00DAB9BD /* CharacterListViewController.swift */ = {isa = PBXFileReference; lastKnownFileType = sourcecode.swift; path = CharacterListViewController.swift; sourceTree = "<group>"; };
		BE91048A2950B79000B6B1F8 /* UISearchBar+Extension.swift */ = {isa = PBXFileReference; lastKnownFileType = sourcecode.swift; path = "UISearchBar+Extension.swift"; sourceTree = "<group>"; };
		BEA4BEF92951D651002D9B51 /* ImageView+Extension.swift */ = {isa = PBXFileReference; lastKnownFileType = sourcecode.swift; path = "ImageView+Extension.swift"; sourceTree = "<group>"; };
		BEA4BEFB2951FB48002D9B51 /* CharacterDetailViewController.swift */ = {isa = PBXFileReference; lastKnownFileType = sourcecode.swift; path = CharacterDetailViewController.swift; sourceTree = "<group>"; };
		BEA4BEFD29520070002D9B51 /* UILabel+Extension.swift */ = {isa = PBXFileReference; lastKnownFileType = sourcecode.swift; path = "UILabel+Extension.swift"; sourceTree = "<group>"; };
		BEA4BF0129521530002D9B51 /* ComicsCollectionViewCell.swift */ = {isa = PBXFileReference; lastKnownFileType = sourcecode.swift; path = ComicsCollectionViewCell.swift; sourceTree = "<group>"; };
		BEA4BF03295220CE002D9B51 /* CharacterDetailViewModel.swift */ = {isa = PBXFileReference; lastKnownFileType = sourcecode.swift; path = CharacterDetailViewModel.swift; sourceTree = "<group>"; };
		BEA4BF0529522267002D9B51 /* Comic.swift */ = {isa = PBXFileReference; lastKnownFileType = sourcecode.swift; path = Comic.swift; sourceTree = "<group>"; };
		BEA4BF07295228D0002D9B51 /* Series.swift */ = {isa = PBXFileReference; lastKnownFileType = sourcecode.swift; path = Series.swift; sourceTree = "<group>"; };
		BEB330A529511DC100A0FA72 /* NetworkRequests.swift */ = {isa = PBXFileReference; lastKnownFileType = sourcecode.swift; path = NetworkRequests.swift; sourceTree = "<group>"; };
		BEB330A8295120DE00A0FA72 /* CharacterCollectionViewCell.swift */ = {isa = PBXFileReference; lastKnownFileType = sourcecode.swift; path = CharacterCollectionViewCell.swift; sourceTree = "<group>"; };
		BEB330AA295123DF00A0FA72 /* CharacterCellViewModel.swift */ = {isa = PBXFileReference; lastKnownFileType = sourcecode.swift; path = CharacterCellViewModel.swift; sourceTree = "<group>"; };
		BEB330AC2951241500A0FA72 /* CharacterViewModel.swift */ = {isa = PBXFileReference; lastKnownFileType = sourcecode.swift; path = CharacterViewModel.swift; sourceTree = "<group>"; };
		BEB330AE2951279F00A0FA72 /* UIView+Extension.swift */ = {isa = PBXFileReference; lastKnownFileType = sourcecode.swift; path = "UIView+Extension.swift"; sourceTree = "<group>"; };
		BEC6A8F22953089600FB3039 /* DetailContentCellViewModel.swift */ = {isa = PBXFileReference; lastKnownFileType = sourcecode.swift; path = DetailContentCellViewModel.swift; sourceTree = "<group>"; };
		BEC6A8F4295311C300FB3039 /* DetailContentTableViewCell.swift */ = {isa = PBXFileReference; lastKnownFileType = sourcecode.swift; path = DetailContentTableViewCell.swift; sourceTree = "<group>"; };
		BECA58912950A0F7004DFD41 /* UINavigationController+Extension.swift */ = {isa = PBXFileReference; lastKnownFileType = sourcecode.swift; path = "UINavigationController+Extension.swift"; sourceTree = "<group>"; };
		BED4B7B7295273C300DAD817 /* ComicsCellViewModel.swift */ = {isa = PBXFileReference; lastKnownFileType = sourcecode.swift; path = ComicsCellViewModel.swift; sourceTree = "<group>"; };
/* End PBXFileReference section */

/* Begin PBXFrameworksBuildPhase section */
		BE29DAA0294F9AFF00DAB9BD /* Frameworks */ = {
			isa = PBXFrameworksBuildPhase;
			buildActionMask = 2147483647;
			files = (
			);
			runOnlyForDeploymentPostprocessing = 0;
		};
		BE29DAB6294F9B0300DAB9BD /* Frameworks */ = {
			isa = PBXFrameworksBuildPhase;
			buildActionMask = 2147483647;
			files = (
			);
			runOnlyForDeploymentPostprocessing = 0;
		};
		BE29DAC0294F9B0300DAB9BD /* Frameworks */ = {
			isa = PBXFrameworksBuildPhase;
			buildActionMask = 2147483647;
			files = (
			);
			runOnlyForDeploymentPostprocessing = 0;
		};
/* End PBXFrameworksBuildPhase section */

/* Begin PBXGroup section */
		BE29DA9A294F9AFF00DAB9BD = {
			isa = PBXGroup;
			children = (
				BE29DAA5294F9AFF00DAB9BD /* MarvelChallenge */,
				BE29DABC294F9B0300DAB9BD /* MarvelChallengeTests */,
				BE29DAC6294F9B0300DAB9BD /* MarvelChallengeUITests */,
				BE29DAA4294F9AFF00DAB9BD /* Products */,
			);
			sourceTree = "<group>";
		};
		BE29DAA4294F9AFF00DAB9BD /* Products */ = {
			isa = PBXGroup;
			children = (
				BE29DAA3294F9AFF00DAB9BD /* MarvelChallenge.app */,
				BE29DAB9294F9B0300DAB9BD /* MarvelChallengeTests.xctest */,
				BE29DAC3294F9B0300DAB9BD /* MarvelChallengeUITests.xctest */,
			);
			name = Products;
			sourceTree = "<group>";
		};
		BE29DAA5294F9AFF00DAB9BD /* MarvelChallenge */ = {
			isa = PBXGroup;
			children = (
				BE29DAD6294F9D1200DAB9BD /* Extensions */,
				BE29DAD7294F9D1F00DAB9BD /* Models */,
				BE29DAD8294F9D2A00DAB9BD /* Network */,
				BE29DAD9294F9D3500DAB9BD /* Utils */,
				BE29DADB294F9D4700DAB9BD /* View */,
				BE29DADA294F9D3D00DAB9BD /* ViewModels */,
				BE29DAA6294F9AFF00DAB9BD /* AppDelegate.swift */,
				BE29DAA8294F9AFF00DAB9BD /* SceneDelegate.swift */,
				BE29DAAA294F9AFF00DAB9BD /* ViewController.swift */,
				BE29DAAC294F9B0000DAB9BD /* Main.storyboard */,
				BE29DAAF294F9B0300DAB9BD /* Assets.xcassets */,
				BE29DAB1294F9B0300DAB9BD /* LaunchScreen.storyboard */,
				BE29DAB4294F9B0300DAB9BD /* Info.plist */,
			);
			path = MarvelChallenge;
			sourceTree = "<group>";
		};
		BE29DABC294F9B0300DAB9BD /* MarvelChallengeTests */ = {
			isa = PBXGroup;
			children = (
				BE29DABD294F9B0300DAB9BD /* MarvelChallengeTests.swift */,
			);
			path = MarvelChallengeTests;
			sourceTree = "<group>";
		};
		BE29DAC6294F9B0300DAB9BD /* MarvelChallengeUITests */ = {
			isa = PBXGroup;
			children = (
				BE29DAC7294F9B0300DAB9BD /* MarvelChallengeUITests.swift */,
				BE29DAC9294F9B0300DAB9BD /* MarvelChallengeUITestsLaunchTests.swift */,
			);
			path = MarvelChallengeUITests;
			sourceTree = "<group>";
		};
		BE29DAD6294F9D1200DAB9BD /* Extensions */ = {
			isa = PBXGroup;
			children = (
				BECA58912950A0F7004DFD41 /* UINavigationController+Extension.swift */,
				BE91048A2950B79000B6B1F8 /* UISearchBar+Extension.swift */,
				BEB330AE2951279F00A0FA72 /* UIView+Extension.swift */,
				BEA4BEF92951D651002D9B51 /* ImageView+Extension.swift */,
				BEA4BEFD29520070002D9B51 /* UILabel+Extension.swift */,
			);
			path = Extensions;
			sourceTree = "<group>";
		};
		BE29DAD7294F9D1F00DAB9BD /* Models */ = {
			isa = PBXGroup;
			children = (
				BE29DAE2294FA05700DAB9BD /* Character.swift */,
				BE29DAEE294FA0C200DAB9BD /* CharacterUrls.swift */,
				BE29DAEC294FA0B300DAB9BD /* Events.swift */,
				BE29DAEA294FA0AB00DAB9BD /* Stories.swift */,
				BE29DAE8294FA09E00DAB9BD /* Comics.swift */,
				BE29DAE6294FA09500DAB9BD /* CharacterThumbnail.swift */,
				BEA4BF0529522267002D9B51 /* Comic.swift */,
				BEA4BF07295228D0002D9B51 /* Series.swift */,
			);
			path = Models;
			sourceTree = "<group>";
		};
		BE29DAD8294F9D2A00DAB9BD /* Network */ = {
			isa = PBXGroup;
			children = (
				BEB330A529511DC100A0FA72 /* NetworkRequests.swift */,
			);
			path = Network;
			sourceTree = "<group>";
		};
		BE29DAD9294F9D3500DAB9BD /* Utils */ = {
			isa = PBXGroup;
			children = (
				BE29DADC294F9D6A00DAB9BD /* Constants.swift */,
				BE29DADE294F9D7900DAB9BD /* ColorsUtils.swift */,
				BE29DAE0294F9D8F00DAB9BD /* MarveApiInfo.plist */,
			);
			path = Utils;
			sourceTree = "<group>";
		};
		BE29DADA294F9D3D00DAB9BD /* ViewModels */ = {
			isa = PBXGroup;
			children = (
				BEB330AA295123DF00A0FA72 /* CharacterCellViewModel.swift */,
				BEB330AC2951241500A0FA72 /* CharacterViewModel.swift */,
				BEA4BF03295220CE002D9B51 /* CharacterDetailViewModel.swift */,
				BED4B7B7295273C300DAD817 /* ComicsCellViewModel.swift */,
				BEC6A8F22953089600FB3039 /* DetailContentCellViewModel.swift */,
			);
			path = ViewModels;
			sourceTree = "<group>";
		};
		BE29DADB294F9D4700DAB9BD /* View */ = {
			isa = PBXGroup;
			children = (
				BEB330A7295120AC00A0FA72 /* Cells */,
				BE29DAF0294FC09E00DAB9BD /* AboutViewController.swift */,
				BE29DAF2294FC0AB00DAB9BD /* CharacterListViewController.swift */,
				BEA4BEFB2951FB48002D9B51 /* CharacterDetailViewController.swift */,
			);
			path = View;
			sourceTree = "<group>";
		};
		BEB330A7295120AC00A0FA72 /* Cells */ = {
			isa = PBXGroup;
			children = (
				BEB330A8295120DE00A0FA72 /* CharacterCollectionViewCell.swift */,
				BEA4BF0129521530002D9B51 /* ComicsCollectionViewCell.swift */,
				BEC6A8F4295311C300FB3039 /* DetailContentTableViewCell.swift */,
			);
			path = Cells;
			sourceTree = "<group>";
		};
/* End PBXGroup section */

/* Begin PBXNativeTarget section */
		BE29DAA2294F9AFF00DAB9BD /* MarvelChallenge */ = {
			isa = PBXNativeTarget;
			buildConfigurationList = BE29DACD294F9B0300DAB9BD /* Build configuration list for PBXNativeTarget "MarvelChallenge" */;
			buildPhases = (
				BE29DA9F294F9AFF00DAB9BD /* Sources */,
				BE29DAA0294F9AFF00DAB9BD /* Frameworks */,
				BE29DAA1294F9AFF00DAB9BD /* Resources */,
			);
			buildRules = (
			);
			dependencies = (
			);
			name = MarvelChallenge;
			productName = MarvelChallenge;
			productReference = BE29DAA3294F9AFF00DAB9BD /* MarvelChallenge.app */;
			productType = "com.apple.product-type.application";
		};
		BE29DAB8294F9B0300DAB9BD /* MarvelChallengeTests */ = {
			isa = PBXNativeTarget;
			buildConfigurationList = BE29DAD0294F9B0300DAB9BD /* Build configuration list for PBXNativeTarget "MarvelChallengeTests" */;
			buildPhases = (
				BE29DAB5294F9B0300DAB9BD /* Sources */,
				BE29DAB6294F9B0300DAB9BD /* Frameworks */,
				BE29DAB7294F9B0300DAB9BD /* Resources */,
			);
			buildRules = (
			);
			dependencies = (
				BE29DABB294F9B0300DAB9BD /* PBXTargetDependency */,
			);
			name = MarvelChallengeTests;
			productName = MarvelChallengeTests;
			productReference = BE29DAB9294F9B0300DAB9BD /* MarvelChallengeTests.xctest */;
			productType = "com.apple.product-type.bundle.unit-test";
		};
		BE29DAC2294F9B0300DAB9BD /* MarvelChallengeUITests */ = {
			isa = PBXNativeTarget;
			buildConfigurationList = BE29DAD3294F9B0300DAB9BD /* Build configuration list for PBXNativeTarget "MarvelChallengeUITests" */;
			buildPhases = (
				BE29DABF294F9B0300DAB9BD /* Sources */,
				BE29DAC0294F9B0300DAB9BD /* Frameworks */,
				BE29DAC1294F9B0300DAB9BD /* Resources */,
			);
			buildRules = (
			);
			dependencies = (
				BE29DAC5294F9B0300DAB9BD /* PBXTargetDependency */,
			);
			name = MarvelChallengeUITests;
			productName = MarvelChallengeUITests;
			productReference = BE29DAC3294F9B0300DAB9BD /* MarvelChallengeUITests.xctest */;
			productType = "com.apple.product-type.bundle.ui-testing";
		};
/* End PBXNativeTarget section */

/* Begin PBXProject section */
		BE29DA9B294F9AFF00DAB9BD /* Project object */ = {
			isa = PBXProject;
			attributes = {
				BuildIndependentTargetsInParallel = 1;
				LastSwiftUpdateCheck = 1420;
				LastUpgradeCheck = 1420;
				TargetAttributes = {
					BE29DAA2294F9AFF00DAB9BD = {
						CreatedOnToolsVersion = 14.2;
					};
					BE29DAB8294F9B0300DAB9BD = {
						CreatedOnToolsVersion = 14.2;
						TestTargetID = BE29DAA2294F9AFF00DAB9BD;
					};
					BE29DAC2294F9B0300DAB9BD = {
						CreatedOnToolsVersion = 14.2;
						TestTargetID = BE29DAA2294F9AFF00DAB9BD;
					};
				};
			};
			buildConfigurationList = BE29DA9E294F9AFF00DAB9BD /* Build configuration list for PBXProject "MarvelChallenge" */;
			compatibilityVersion = "Xcode 14.0";
			developmentRegion = en;
			hasScannedForEncodings = 0;
			knownRegions = (
				en,
				Base,
			);
			mainGroup = BE29DA9A294F9AFF00DAB9BD;
			productRefGroup = BE29DAA4294F9AFF00DAB9BD /* Products */;
			projectDirPath = "";
			projectRoot = "";
			targets = (
				BE29DAA2294F9AFF00DAB9BD /* MarvelChallenge */,
				BE29DAB8294F9B0300DAB9BD /* MarvelChallengeTests */,
				BE29DAC2294F9B0300DAB9BD /* MarvelChallengeUITests */,
			);
		};
/* End PBXProject section */

/* Begin PBXResourcesBuildPhase section */
		BE29DAA1294F9AFF00DAB9BD /* Resources */ = {
			isa = PBXResourcesBuildPhase;
			buildActionMask = 2147483647;
			files = (
				BE29DAB3294F9B0300DAB9BD /* LaunchScreen.storyboard in Resources */,
				BE29DAE1294F9D8F00DAB9BD /* MarveApiInfo.plist in Resources */,
				BE29DAB0294F9B0300DAB9BD /* Assets.xcassets in Resources */,
				BE29DAAE294F9B0000DAB9BD /* Main.storyboard in Resources */,
			);
			runOnlyForDeploymentPostprocessing = 0;
		};
		BE29DAB7294F9B0300DAB9BD /* Resources */ = {
			isa = PBXResourcesBuildPhase;
			buildActionMask = 2147483647;
			files = (
			);
			runOnlyForDeploymentPostprocessing = 0;
		};
		BE29DAC1294F9B0300DAB9BD /* Resources */ = {
			isa = PBXResourcesBuildPhase;
			buildActionMask = 2147483647;
			files = (
			);
			runOnlyForDeploymentPostprocessing = 0;
		};
/* End PBXResourcesBuildPhase section */

/* Begin PBXSourcesBuildPhase section */
		BE29DA9F294F9AFF00DAB9BD /* Sources */ = {
			isa = PBXSourcesBuildPhase;
			buildActionMask = 2147483647;
			files = (
				BE29DAEB294FA0AB00DAB9BD /* Stories.swift in Sources */,
				BE29DAAB294F9AFF00DAB9BD /* ViewController.swift in Sources */,
				BE29DAA7294F9AFF00DAB9BD /* AppDelegate.swift in Sources */,
				BEA4BEFE29520070002D9B51 /* UILabel+Extension.swift in Sources */,
				BE29DAA9294F9AFF00DAB9BD /* SceneDelegate.swift in Sources */,
				BEB330AB295123DF00A0FA72 /* CharacterCellViewModel.swift in Sources */,
				BEA4BF08295228D0002D9B51 /* Series.swift in Sources */,
				BE29DAED294FA0B300DAB9BD /* Events.swift in Sources */,
				BEA4BF04295220CE002D9B51 /* CharacterDetailViewModel.swift in Sources */,
				BE29DAE7294FA09500DAB9BD /* CharacterThumbnail.swift in Sources */,
				BEA4BF0629522267002D9B51 /* Comic.swift in Sources */,
				BEB330A9295120DE00A0FA72 /* CharacterCollectionViewCell.swift in Sources */,
				BEB330A629511DC100A0FA72 /* NetworkRequests.swift in Sources */,
				BE91048B2950B79000B6B1F8 /* UISearchBar+Extension.swift in Sources */,
				BEC6A8F5295311C300FB3039 /* DetailContentTableViewCell.swift in Sources */,
				BEB330AD2951241500A0FA72 /* CharacterViewModel.swift in Sources */,
				BEA4BEFC2951FB48002D9B51 /* CharacterDetailViewController.swift in Sources */,
				BE29DAF1294FC09E00DAB9BD /* AboutViewController.swift in Sources */,
				BEA4BF0229521530002D9B51 /* ComicsCollectionViewCell.swift in Sources */,
				BE29DAE3294FA05700DAB9BD /* Character.swift in Sources */,
				BE29DAEF294FA0C200DAB9BD /* CharacterUrls.swift in Sources */,
				BE29DAF3294FC0AB00DAB9BD /* CharacterListViewController.swift in Sources */,
				BE29DAE9294FA09E00DAB9BD /* Comics.swift in Sources */,
				BEC6A8F32953089600FB3039 /* DetailContentCellViewModel.swift in Sources */,
				BED4B7B8295273C300DAD817 /* ComicsCellViewModel.swift in Sources */,
				BECA58922950A0F7004DFD41 /* UINavigationController+Extension.swift in Sources */,
				BE29DADF294F9D7900DAB9BD /* ColorsUtils.swift in Sources */,
				BEB330AF2951279F00A0FA72 /* UIView+Extension.swift in Sources */,
				BEA4BEFA2951D651002D9B51 /* ImageView+Extension.swift in Sources */,
				BE29DADD294F9D6A00DAB9BD /* Constants.swift in Sources */,
			);
			runOnlyForDeploymentPostprocessing = 0;
		};
		BE29DAB5294F9B0300DAB9BD /* Sources */ = {
			isa = PBXSourcesBuildPhase;
			buildActionMask = 2147483647;
			files = (
				BE29DABE294F9B0300DAB9BD /* MarvelChallengeTests.swift in Sources */,
			);
			runOnlyForDeploymentPostprocessing = 0;
		};
		BE29DABF294F9B0300DAB9BD /* Sources */ = {
			isa = PBXSourcesBuildPhase;
			buildActionMask = 2147483647;
			files = (
				BE29DAC8294F9B0300DAB9BD /* MarvelChallengeUITests.swift in Sources */,
				BE29DACA294F9B0300DAB9BD /* MarvelChallengeUITestsLaunchTests.swift in Sources */,
			);
			runOnlyForDeploymentPostprocessing = 0;
		};
/* End PBXSourcesBuildPhase section */

/* Begin PBXTargetDependency section */
		BE29DABB294F9B0300DAB9BD /* PBXTargetDependency */ = {
			isa = PBXTargetDependency;
			target = BE29DAA2294F9AFF00DAB9BD /* MarvelChallenge */;
			targetProxy = BE29DABA294F9B0300DAB9BD /* PBXContainerItemProxy */;
		};
		BE29DAC5294F9B0300DAB9BD /* PBXTargetDependency */ = {
			isa = PBXTargetDependency;
			target = BE29DAA2294F9AFF00DAB9BD /* MarvelChallenge */;
			targetProxy = BE29DAC4294F9B0300DAB9BD /* PBXContainerItemProxy */;
		};
/* End PBXTargetDependency section */

/* Begin PBXVariantGroup section */
		BE29DAAC294F9B0000DAB9BD /* Main.storyboard */ = {
			isa = PBXVariantGroup;
			children = (
				BE29DAAD294F9B0000DAB9BD /* Base */,
			);
			name = Main.storyboard;
			sourceTree = "<group>";
		};
		BE29DAB1294F9B0300DAB9BD /* LaunchScreen.storyboard */ = {
			isa = PBXVariantGroup;
			children = (
				BE29DAB2294F9B0300DAB9BD /* Base */,
			);
			name = LaunchScreen.storyboard;
			sourceTree = "<group>";
		};
/* End PBXVariantGroup section */

/* Begin XCBuildConfiguration section */
		BE29DACB294F9B0300DAB9BD /* Debug */ = {
			isa = XCBuildConfiguration;
			buildSettings = {
				ALWAYS_SEARCH_USER_PATHS = NO;
				CLANG_ANALYZER_NONNULL = YES;
				CLANG_ANALYZER_NUMBER_OBJECT_CONVERSION = YES_AGGRESSIVE;
				CLANG_CXX_LANGUAGE_STANDARD = "gnu++20";
				CLANG_ENABLE_MODULES = YES;
				CLANG_ENABLE_OBJC_ARC = YES;
				CLANG_ENABLE_OBJC_WEAK = YES;
				CLANG_WARN_BLOCK_CAPTURE_AUTORELEASING = YES;
				CLANG_WARN_BOOL_CONVERSION = YES;
				CLANG_WARN_COMMA = YES;
				CLANG_WARN_CONSTANT_CONVERSION = YES;
				CLANG_WARN_DEPRECATED_OBJC_IMPLEMENTATIONS = YES;
				CLANG_WARN_DIRECT_OBJC_ISA_USAGE = YES_ERROR;
				CLANG_WARN_DOCUMENTATION_COMMENTS = YES;
				CLANG_WARN_EMPTY_BODY = YES;
				CLANG_WARN_ENUM_CONVERSION = YES;
				CLANG_WARN_INFINITE_RECURSION = YES;
				CLANG_WARN_INT_CONVERSION = YES;
				CLANG_WARN_NON_LITERAL_NULL_CONVERSION = YES;
				CLANG_WARN_OBJC_IMPLICIT_RETAIN_SELF = YES;
				CLANG_WARN_OBJC_LITERAL_CONVERSION = YES;
				CLANG_WARN_OBJC_ROOT_CLASS = YES_ERROR;
				CLANG_WARN_QUOTED_INCLUDE_IN_FRAMEWORK_HEADER = YES;
				CLANG_WARN_RANGE_LOOP_ANALYSIS = YES;
				CLANG_WARN_STRICT_PROTOTYPES = YES;
				CLANG_WARN_SUSPICIOUS_MOVE = YES;
				CLANG_WARN_UNGUARDED_AVAILABILITY = YES_AGGRESSIVE;
				CLANG_WARN_UNREACHABLE_CODE = YES;
				CLANG_WARN__DUPLICATE_METHOD_MATCH = YES;
				COPY_PHASE_STRIP = NO;
				DEBUG_INFORMATION_FORMAT = dwarf;
				ENABLE_STRICT_OBJC_MSGSEND = YES;
				ENABLE_TESTABILITY = YES;
				GCC_C_LANGUAGE_STANDARD = gnu11;
				GCC_DYNAMIC_NO_PIC = NO;
				GCC_NO_COMMON_BLOCKS = YES;
				GCC_OPTIMIZATION_LEVEL = 0;
				GCC_PREPROCESSOR_DEFINITIONS = (
					"DEBUG=1",
					"$(inherited)",
				);
				GCC_WARN_64_TO_32_BIT_CONVERSION = YES;
				GCC_WARN_ABOUT_RETURN_TYPE = YES_ERROR;
				GCC_WARN_UNDECLARED_SELECTOR = YES;
				GCC_WARN_UNINITIALIZED_AUTOS = YES_AGGRESSIVE;
				GCC_WARN_UNUSED_FUNCTION = YES;
				GCC_WARN_UNUSED_VARIABLE = YES;
				IPHONEOS_DEPLOYMENT_TARGET = 16.0;
				MTL_ENABLE_DEBUG_INFO = INCLUDE_SOURCE;
				MTL_FAST_MATH = YES;
				ONLY_ACTIVE_ARCH = YES;
				SDKROOT = iphoneos;
				SWIFT_ACTIVE_COMPILATION_CONDITIONS = DEBUG;
				SWIFT_OPTIMIZATION_LEVEL = "-Onone";
			};
			name = Debug;
		};
		BE29DACC294F9B0300DAB9BD /* Release */ = {
			isa = XCBuildConfiguration;
			buildSettings = {
				ALWAYS_SEARCH_USER_PATHS = NO;
				CLANG_ANALYZER_NONNULL = YES;
				CLANG_ANALYZER_NUMBER_OBJECT_CONVERSION = YES_AGGRESSIVE;
				CLANG_CXX_LANGUAGE_STANDARD = "gnu++20";
				CLANG_ENABLE_MODULES = YES;
				CLANG_ENABLE_OBJC_ARC = YES;
				CLANG_ENABLE_OBJC_WEAK = YES;
				CLANG_WARN_BLOCK_CAPTURE_AUTORELEASING = YES;
				CLANG_WARN_BOOL_CONVERSION = YES;
				CLANG_WARN_COMMA = YES;
				CLANG_WARN_CONSTANT_CONVERSION = YES;
				CLANG_WARN_DEPRECATED_OBJC_IMPLEMENTATIONS = YES;
				CLANG_WARN_DIRECT_OBJC_ISA_USAGE = YES_ERROR;
				CLANG_WARN_DOCUMENTATION_COMMENTS = YES;
				CLANG_WARN_EMPTY_BODY = YES;
				CLANG_WARN_ENUM_CONVERSION = YES;
				CLANG_WARN_INFINITE_RECURSION = YES;
				CLANG_WARN_INT_CONVERSION = YES;
				CLANG_WARN_NON_LITERAL_NULL_CONVERSION = YES;
				CLANG_WARN_OBJC_IMPLICIT_RETAIN_SELF = YES;
				CLANG_WARN_OBJC_LITERAL_CONVERSION = YES;
				CLANG_WARN_OBJC_ROOT_CLASS = YES_ERROR;
				CLANG_WARN_QUOTED_INCLUDE_IN_FRAMEWORK_HEADER = YES;
				CLANG_WARN_RANGE_LOOP_ANALYSIS = YES;
				CLANG_WARN_STRICT_PROTOTYPES = YES;
				CLANG_WARN_SUSPICIOUS_MOVE = YES;
				CLANG_WARN_UNGUARDED_AVAILABILITY = YES_AGGRESSIVE;
				CLANG_WARN_UNREACHABLE_CODE = YES;
				CLANG_WARN__DUPLICATE_METHOD_MATCH = YES;
				COPY_PHASE_STRIP = NO;
				DEBUG_INFORMATION_FORMAT = "dwarf-with-dsym";
				ENABLE_NS_ASSERTIONS = NO;
				ENABLE_STRICT_OBJC_MSGSEND = YES;
				GCC_C_LANGUAGE_STANDARD = gnu11;
				GCC_NO_COMMON_BLOCKS = YES;
				GCC_WARN_64_TO_32_BIT_CONVERSION = YES;
				GCC_WARN_ABOUT_RETURN_TYPE = YES_ERROR;
				GCC_WARN_UNDECLARED_SELECTOR = YES;
				GCC_WARN_UNINITIALIZED_AUTOS = YES_AGGRESSIVE;
				GCC_WARN_UNUSED_FUNCTION = YES;
				GCC_WARN_UNUSED_VARIABLE = YES;
				IPHONEOS_DEPLOYMENT_TARGET = 16.0;
				MTL_ENABLE_DEBUG_INFO = NO;
				MTL_FAST_MATH = YES;
				SDKROOT = iphoneos;
				SWIFT_COMPILATION_MODE = wholemodule;
				SWIFT_OPTIMIZATION_LEVEL = "-O";
				VALIDATE_PRODUCT = YES;
			};
			name = Release;
		};
		BE29DACE294F9B0300DAB9BD /* Debug */ = {
			isa = XCBuildConfiguration;
			buildSettings = {
				ASSETCATALOG_COMPILER_APPICON_NAME = AppIcon;
				ASSETCATALOG_COMPILER_GLOBAL_ACCENT_COLOR_NAME = AccentColor;
				CODE_SIGN_STYLE = Automatic;
				CURRENT_PROJECT_VERSION = 1.0.0;
				GENERATE_INFOPLIST_FILE = YES;
				INFOPLIST_FILE = MarvelChallenge/Info.plist;
				INFOPLIST_KEY_UIApplicationSupportsIndirectInputEvents = YES;
				INFOPLIST_KEY_UILaunchStoryboardName = LaunchScreen;
				INFOPLIST_KEY_UIMainStoryboardFile = Main;
				INFOPLIST_KEY_UIStatusBarStyle = UIStatusBarStyleDarkContent;
				INFOPLIST_KEY_UISupportedInterfaceOrientations = UIInterfaceOrientationPortrait;
				LD_RUNPATH_SEARCH_PATHS = (
					"$(inherited)",
					"@executable_path/Frameworks",
				);
				MARKETING_VERSION = 1.0.0;
				PRODUCT_BUNDLE_IDENTIFIER = "Valter-Louro.MarvelChallenge";
				PRODUCT_NAME = "$(TARGET_NAME)";
				SUPPORTED_PLATFORMS = "iphoneos iphonesimulator";
				SUPPORTS_MACCATALYST = NO;
				SUPPORTS_MAC_DESIGNED_FOR_IPHONE_IPAD = YES;
				SWIFT_EMIT_LOC_STRINGS = YES;
				SWIFT_VERSION = 5.0;
				TARGETED_DEVICE_FAMILY = 1;
			};
			name = Debug;
		};
		BE29DACF294F9B0300DAB9BD /* Release */ = {
			isa = XCBuildConfiguration;
			buildSettings = {
				ASSETCATALOG_COMPILER_APPICON_NAME = AppIcon;
				ASSETCATALOG_COMPILER_GLOBAL_ACCENT_COLOR_NAME = AccentColor;
				CODE_SIGN_STYLE = Automatic;
				CURRENT_PROJECT_VERSION = 1.0.0;
				GENERATE_INFOPLIST_FILE = YES;
				INFOPLIST_FILE = MarvelChallenge/Info.plist;
				INFOPLIST_KEY_UIApplicationSupportsIndirectInputEvents = YES;
				INFOPLIST_KEY_UILaunchStoryboardName = LaunchScreen;
				INFOPLIST_KEY_UIMainStoryboardFile = Main;
				INFOPLIST_KEY_UIStatusBarStyle = UIStatusBarStyleDarkContent;
				INFOPLIST_KEY_UISupportedInterfaceOrientations = UIInterfaceOrientationPortrait;
				LD_RUNPATH_SEARCH_PATHS = (
					"$(inherited)",
					"@executable_path/Frameworks",
				);
				MARKETING_VERSION = 1.0.0;
				PRODUCT_BUNDLE_IDENTIFIER = "Valter-Louro.MarvelChallenge";
				PRODUCT_NAME = "$(TARGET_NAME)";
				SUPPORTED_PLATFORMS = "iphoneos iphonesimulator";
				SUPPORTS_MACCATALYST = NO;
				SUPPORTS_MAC_DESIGNED_FOR_IPHONE_IPAD = YES;
				SWIFT_EMIT_LOC_STRINGS = YES;
				SWIFT_VERSION = 5.0;
				TARGETED_DEVICE_FAMILY = 1;
			};
			name = Release;
		};
		BE29DAD1294F9B0300DAB9BD /* Debug */ = {
			isa = XCBuildConfiguration;
			buildSettings = {
				ALWAYS_EMBED_SWIFT_STANDARD_LIBRARIES = YES;
				BUNDLE_LOADER = "$(TEST_HOST)";
				CODE_SIGN_STYLE = Automatic;
				CURRENT_PROJECT_VERSION = 1;
				GENERATE_INFOPLIST_FILE = YES;
				IPHONEOS_DEPLOYMENT_TARGET = 16.2;
				MARKETING_VERSION = 1.0;
				PRODUCT_BUNDLE_IDENTIFIER = "Valter-Louro.MarvelChallengeTests";
				PRODUCT_NAME = "$(TARGET_NAME)";
				SWIFT_EMIT_LOC_STRINGS = NO;
				SWIFT_VERSION = 5.0;
				TARGETED_DEVICE_FAMILY = "1,2";
				TEST_HOST = "$(BUILT_PRODUCTS_DIR)/MarvelChallenge.app/$(BUNDLE_EXECUTABLE_FOLDER_PATH)/MarvelChallenge";
			};
			name = Debug;
		};
		BE29DAD2294F9B0300DAB9BD /* Release */ = {
			isa = XCBuildConfiguration;
			buildSettings = {
				ALWAYS_EMBED_SWIFT_STANDARD_LIBRARIES = YES;
				BUNDLE_LOADER = "$(TEST_HOST)";
				CODE_SIGN_STYLE = Automatic;
				CURRENT_PROJECT_VERSION = 1;
				GENERATE_INFOPLIST_FILE = YES;
				IPHONEOS_DEPLOYMENT_TARGET = 16.2;
				MARKETING_VERSION = 1.0;
				PRODUCT_BUNDLE_IDENTIFIER = "Valter-Louro.MarvelChallengeTests";
				PRODUCT_NAME = "$(TARGET_NAME)";
				SWIFT_EMIT_LOC_STRINGS = NO;
				SWIFT_VERSION = 5.0;
				TARGETED_DEVICE_FAMILY = "1,2";
				TEST_HOST = "$(BUILT_PRODUCTS_DIR)/MarvelChallenge.app/$(BUNDLE_EXECUTABLE_FOLDER_PATH)/MarvelChallenge";
			};
			name = Release;
		};
		BE29DAD4294F9B0300DAB9BD /* Debug */ = {
			isa = XCBuildConfiguration;
			buildSettings = {
				ALWAYS_EMBED_SWIFT_STANDARD_LIBRARIES = YES;
				CODE_SIGN_STYLE = Automatic;
				CURRENT_PROJECT_VERSION = 1;
				GENERATE_INFOPLIST_FILE = YES;
				MARKETING_VERSION = 1.0;
				PRODUCT_BUNDLE_IDENTIFIER = "Valter-Louro.MarvelChallengeUITests";
				PRODUCT_NAME = "$(TARGET_NAME)";
				SWIFT_EMIT_LOC_STRINGS = NO;
				SWIFT_VERSION = 5.0;
				TARGETED_DEVICE_FAMILY = "1,2";
				TEST_TARGET_NAME = MarvelChallenge;
			};
			name = Debug;
		};
		BE29DAD5294F9B0300DAB9BD /* Release */ = {
			isa = XCBuildConfiguration;
			buildSettings = {
				ALWAYS_EMBED_SWIFT_STANDARD_LIBRARIES = YES;
				CODE_SIGN_STYLE = Automatic;
				CURRENT_PROJECT_VERSION = 1;
				GENERATE_INFOPLIST_FILE = YES;
				MARKETING_VERSION = 1.0;
				PRODUCT_BUNDLE_IDENTIFIER = "Valter-Louro.MarvelChallengeUITests";
				PRODUCT_NAME = "$(TARGET_NAME)";
				SWIFT_EMIT_LOC_STRINGS = NO;
				SWIFT_VERSION = 5.0;
				TARGETED_DEVICE_FAMILY = "1,2";
				TEST_TARGET_NAME = MarvelChallenge;
			};
			name = Release;
		};
/* End XCBuildConfiguration section */

/* Begin XCConfigurationList section */
		BE29DA9E294F9AFF00DAB9BD /* Build configuration list for PBXProject "MarvelChallenge" */ = {
			isa = XCConfigurationList;
			buildConfigurations = (
				BE29DACB294F9B0300DAB9BD /* Debug */,
				BE29DACC294F9B0300DAB9BD /* Release */,
			);
			defaultConfigurationIsVisible = 0;
			defaultConfigurationName = Release;
		};
		BE29DACD294F9B0300DAB9BD /* Build configuration list for PBXNativeTarget "MarvelChallenge" */ = {
			isa = XCConfigurationList;
			buildConfigurations = (
				BE29DACE294F9B0300DAB9BD /* Debug */,
				BE29DACF294F9B0300DAB9BD /* Release */,
			);
			defaultConfigurationIsVisible = 0;
			defaultConfigurationName = Release;
		};
		BE29DAD0294F9B0300DAB9BD /* Build configuration list for PBXNativeTarget "MarvelChallengeTests" */ = {
			isa = XCConfigurationList;
			buildConfigurations = (
				BE29DAD1294F9B0300DAB9BD /* Debug */,
				BE29DAD2294F9B0300DAB9BD /* Release */,
			);
			defaultConfigurationIsVisible = 0;
			defaultConfigurationName = Release;
		};
		BE29DAD3294F9B0300DAB9BD /* Build configuration list for PBXNativeTarget "MarvelChallengeUITests" */ = {
			isa = XCConfigurationList;
			buildConfigurations = (
				BE29DAD4294F9B0300DAB9BD /* Debug */,
				BE29DAD5294F9B0300DAB9BD /* Release */,
			);
			defaultConfigurationIsVisible = 0;
			defaultConfigurationName = Release;
		};
/* End XCConfigurationList section */
	};
	rootObject = BE29DA9B294F9AFF00DAB9BD /* Project object */;
}
